// !$*UTF8*$!
{
	archiveVersion = 1;
	classes = {
	};
	objectVersion = 46;
	objects = {

/* Begin PBXBuildFile section */
		4D4070A51F44C6B200D38EF0 /* main.m in Sources */ = {isa = PBXBuildFile; fileRef = 4D4070A41F44C6B200D38EF0 /* main.m */; };
		4D4070A81F44C6B200D38EF0 /* AppDelegate.m in Sources */ = {isa = PBXBuildFile; fileRef = 4D4070A71F44C6B200D38EF0 /* AppDelegate.m */; };
		4D4070AB1F44C6B200D38EF0 /* EveryDoItAgain.xcdatamodeld in Sources */ = {isa = PBXBuildFile; fileRef = 4D4070A91F44C6B200D38EF0 /* EveryDoItAgain.xcdatamodeld */; };
		4D4070AE1F44C6B200D38EF0 /* MasterViewController.m in Sources */ = {isa = PBXBuildFile; fileRef = 4D4070AD1F44C6B200D38EF0 /* MasterViewController.m */; };
		4D4070B11F44C6B200D38EF0 /* DetailViewController.m in Sources */ = {isa = PBXBuildFile; fileRef = 4D4070B01F44C6B200D38EF0 /* DetailViewController.m */; };
		4D4070B41F44C6B200D38EF0 /* Main.storyboard in Resources */ = {isa = PBXBuildFile; fileRef = 4D4070B21F44C6B200D38EF0 /* Main.storyboard */; };
		4D4070B61F44C6B200D38EF0 /* Assets.xcassets in Resources */ = {isa = PBXBuildFile; fileRef = 4D4070B51F44C6B200D38EF0 /* Assets.xcassets */; };
		4D4070B91F44C6B200D38EF0 /* LaunchScreen.storyboard in Resources */ = {isa = PBXBuildFile; fileRef = 4D4070B71F44C6B200D38EF0 /* LaunchScreen.storyboard */; };
		4D4070C21F44DA5600D38EF0 /* TodoCell.m in Sources */ = {isa = PBXBuildFile; fileRef = 4D4070C11F44DA5600D38EF0 /* TodoCell.m */; };
/* End PBXBuildFile section */

/* Begin PBXFileReference section */
		4D4070A01F44C6B200D38EF0 /* EveryDoItAgain.app */ = {isa = PBXFileReference; explicitFileType = wrapper.application; includeInIndex = 0; path = EveryDoItAgain.app; sourceTree = BUILT_PRODUCTS_DIR; };
		4D4070A41F44C6B200D38EF0 /* main.m */ = {isa = PBXFileReference; lastKnownFileType = sourcecode.c.objc; path = main.m; sourceTree = "<group>"; };
		4D4070A61F44C6B200D38EF0 /* AppDelegate.h */ = {isa = PBXFileReference; lastKnownFileType = sourcecode.c.h; path = AppDelegate.h; sourceTree = "<group>"; };
		4D4070A71F44C6B200D38EF0 /* AppDelegate.m */ = {isa = PBXFileReference; lastKnownFileType = sourcecode.c.objc; path = AppDelegate.m; sourceTree = "<group>"; };
		4D4070AA1F44C6B200D38EF0 /* EveryDoItAgain.xcdatamodel */ = {isa = PBXFileReference; lastKnownFileType = wrapper.xcdatamodel; path = EveryDoItAgain.xcdatamodel; sourceTree = "<group>"; };
		4D4070AC1F44C6B200D38EF0 /* MasterViewController.h */ = {isa = PBXFileReference; lastKnownFileType = sourcecode.c.h; path = MasterViewController.h; sourceTree = "<group>"; };
		4D4070AD1F44C6B200D38EF0 /* MasterViewController.m */ = {isa = PBXFileReference; lastKnownFileType = sourcecode.c.objc; path = MasterViewController.m; sourceTree = "<group>"; };
		4D4070AF1F44C6B200D38EF0 /* DetailViewController.h */ = {isa = PBXFileReference; lastKnownFileType = sourcecode.c.h; path = DetailViewController.h; sourceTree = "<group>"; };
		4D4070B01F44C6B200D38EF0 /* DetailViewController.m */ = {isa = PBXFileReference; lastKnownFileType = sourcecode.c.objc; path = DetailViewController.m; sourceTree = "<group>"; };
		4D4070B31F44C6B200D38EF0 /* Base */ = {isa = PBXFileReference; lastKnownFileType = file.storyboard; name = Base; path = Base.lproj/Main.storyboard; sourceTree = "<group>"; };
		4D4070B51F44C6B200D38EF0 /* Assets.xcassets */ = {isa = PBXFileReference; lastKnownFileType = folder.assetcatalog; path = Assets.xcassets; sourceTree = "<group>"; };
		4D4070B81F44C6B200D38EF0 /* Base */ = {isa = PBXFileReference; lastKnownFileType = file.storyboard; name = Base; path = Base.lproj/LaunchScreen.storyboard; sourceTree = "<group>"; };
		4D4070BA1F44C6B200D38EF0 /* Info.plist */ = {isa = PBXFileReference; lastKnownFileType = text.plist.xml; path = Info.plist; sourceTree = "<group>"; };
		4D4070C01F44DA5600D38EF0 /* TodoCell.h */ = {isa = PBXFileReference; fileEncoding = 4; lastKnownFileType = sourcecode.c.h; path = TodoCell.h; sourceTree = "<group>"; };
		4D4070C11F44DA5600D38EF0 /* TodoCell.m */ = {isa = PBXFileReference; fileEncoding = 4; lastKnownFileType = sourcecode.c.objc; path = TodoCell.m; sourceTree = "<group>"; };
/* End PBXFileReference section */

/* Begin PBXFrameworksBuildPhase section */
		4D40709D1F44C6B200D38EF0 /* Frameworks */ = {
			isa = PBXFrameworksBuildPhase;
			buildActionMask = 2147483647;
			files = (
			);
			runOnlyForDeploymentPostprocessing = 0;
		};
/* End PBXFrameworksBuildPhase section */

/* Begin PBXGroup section */
		4D4070971F44C6B100D38EF0 = {
			isa = PBXGroup;
			children = (
				4D4070A21F44C6B200D38EF0 /* EveryDoItAgain */,
				4D4070A11F44C6B200D38EF0 /* Products */,
			);
			sourceTree = "<group>";
		};
		4D4070A11F44C6B200D38EF0 /* Products */ = {
			isa = PBXGroup;
			children = (
				4D4070A01F44C6B200D38EF0 /* EveryDoItAgain.app */,
			);
			name = Products;
			sourceTree = "<group>";
		};
		4D4070A21F44C6B200D38EF0 /* EveryDoItAgain */ = {
			isa = PBXGroup;
			children = (
				4D4070A61F44C6B200D38EF0 /* AppDelegate.h */,
				4D4070A71F44C6B200D38EF0 /* AppDelegate.m */,
				4D4070AC1F44C6B200D38EF0 /* MasterViewController.h */,
				4D4070AD1F44C6B200D38EF0 /* MasterViewController.m */,
				4D4070AF1F44C6B200D38EF0 /* DetailViewController.h */,
				4D4070B01F44C6B200D38EF0 /* DetailViewController.m */,
				4D4070C01F44DA5600D38EF0 /* TodoCell.h */,
				4D4070C11F44DA5600D38EF0 /* TodoCell.m */,
				4D4070B21F44C6B200D38EF0 /* Main.storyboard */,
				4D4070B51F44C6B200D38EF0 /* Assets.xcassets */,
				4D4070B71F44C6B200D38EF0 /* LaunchScreen.storyboard */,
				4D4070BA1F44C6B200D38EF0 /* Info.plist */,
				4D4070A91F44C6B200D38EF0 /* EveryDoItAgain.xcdatamodeld */,
				4D4070A31F44C6B200D38EF0 /* Supporting Files */,
			);
			path = EveryDoItAgain;
			sourceTree = "<group>";
		};
		4D4070A31F44C6B200D38EF0 /* Supporting Files */ = {
			isa = PBXGroup;
			children = (
				4D4070A41F44C6B200D38EF0 /* main.m */,
			);
			name = "Supporting Files";
			sourceTree = "<group>";
		};
/* End PBXGroup section */

/* Begin PBXNativeTarget section */
		4D40709F1F44C6B200D38EF0 /* EveryDoItAgain */ = {
			isa = PBXNativeTarget;
			buildConfigurationList = 4D4070BD1F44C6B200D38EF0 /* Build configuration list for PBXNativeTarget "EveryDoItAgain" */;
			buildPhases = (
				4D40709C1F44C6B200D38EF0 /* Sources */,
				4D40709D1F44C6B200D38EF0 /* Frameworks */,
				4D40709E1F44C6B200D38EF0 /* Resources */,
			);
			buildRules = (
			);
			dependencies = (
			);
			name = EveryDoItAgain;
			productName = EveryDoItAgain;
			productReference = 4D4070A01F44C6B200D38EF0 /* EveryDoItAgain.app */;
			productType = "com.apple.product-type.application";
		};
/* End PBXNativeTarget section */

/* Begin PBXProject section */
		4D4070981F44C6B100D38EF0 /* Project object */ = {
			isa = PBXProject;
			attributes = {
				LastUpgradeCheck = 0830;
				ORGANIZATIONNAME = "Jaewon Kim";
				TargetAttributes = {
					4D40709F1F44C6B200D38EF0 = {
						CreatedOnToolsVersion = 8.3.3;
						ProvisioningStyle = Automatic;
					};
				};
			};
			buildConfigurationList = 4D40709B1F44C6B100D38EF0 /* Build configuration list for PBXProject "EveryDoItAgain" */;
			compatibilityVersion = "Xcode 3.2";
			developmentRegion = English;
			hasScannedForEncodings = 0;
			knownRegions = (
				en,
				Base,
			);
			mainGroup = 4D4070971F44C6B100D38EF0;
			productRefGroup = 4D4070A11F44C6B200D38EF0 /* Products */;
			projectDirPath = "";
			projectRoot = "";
			targets = (
				4D40709F1F44C6B200D38EF0 /* EveryDoItAgain */,
			);
		};
/* End PBXProject section */

/* Begin PBXResourcesBuildPhase section */
		4D40709E1F44C6B200D38EF0 /* Resources */ = {
			isa = PBXResourcesBuildPhase;
			buildActionMask = 2147483647;
			files = (
				4D4070B91F44C6B200D38EF0 /* LaunchScreen.storyboard in Resources */,
				4D4070B61F44C6B200D38EF0 /* Assets.xcassets in Resources */,
				4D4070B41F44C6B200D38EF0 /* Main.storyboard in Resources */,
			);
			runOnlyForDeploymentPostprocessing = 0;
		};
/* End PBXResourcesBuildPhase section */

/* Begin PBXSourcesBuildPhase section */
		4D40709C1F44C6B200D38EF0 /* Sources */ = {
			isa = PBXSourcesBuildPhase;
			buildActionMask = 2147483647;
			files = (
				4D4070B11F44C6B200D38EF0 /* DetailViewController.m in Sources */,
				4D4070AE1F44C6B200D38EF0 /* MasterViewController.m in Sources */,
				4D4070A81F44C6B200D38EF0 /* AppDelegate.m in Sources */,
				4D4070C21F44DA5600D38EF0 /* TodoCell.m in Sources */,
				4D4070A51F44C6B200D38EF0 /* main.m in Sources */,
				4D4070AB1F44C6B200D38EF0 /* EveryDoItAgain.xcdatamodeld in Sources */,
			);
			runOnlyForDeploymentPostprocessing = 0;
		};
/* End PBXSourcesBuildPhase section */

/* Begin PBXVariantGroup section */
		4D4070B21F44C6B200D38EF0 /* Main.storyboard */ = {
			isa = PBXVariantGroup;
			children = (
				4D4070B31F44C6B200D38EF0 /* Base */,
			);
			name = Main.storyboard;
			sourceTree = "<group>";
		};
		4D4070B71F44C6B200D38EF0 /* LaunchScreen.storyboard */ = {
			isa = PBXVariantGroup;
			children = (
				4D4070B81F44C6B200D38EF0 /* Base */,
			);
			name = LaunchScreen.storyboard;
			sourceTree = "<group>";
		};
/* End PBXVariantGroup section */

/* Begin XCBuildConfiguration section */
		4D4070BB1F44C6B200D38EF0 /* Debug */ = {
			isa = XCBuildConfiguration;
			buildSettings = {
				ALWAYS_SEARCH_USER_PATHS = NO;
				CLANG_ANALYZER_NONNULL = YES;
				CLANG_ANALYZER_NUMBER_OBJECT_CONVERSION = YES_AGGRESSIVE;
				CLANG_CXX_LANGUAGE_STANDARD = "gnu++0x";
				CLANG_CXX_LIBRARY = "libc++";
				CLANG_ENABLE_MODULES = YES;
				CLANG_ENABLE_OBJC_ARC = YES;
				CLANG_WARN_BOOL_CONVERSION = YES;
				CLANG_WARN_CONSTANT_CONVERSION = YES;
				CLANG_WARN_DIRECT_OBJC_ISA_USAGE = YES_ERROR;
				CLANG_WARN_DOCUMENTATION_COMMENTS = YES;
				CLANG_WARN_EMPTY_BODY = YES;
				CLANG_WARN_ENUM_CONVERSION = YES;
				CLANG_WARN_INFINITE_RECURSION = YES;
				CLANG_WARN_INT_CONVERSION = YES;
				CLANG_WARN_OBJC_ROOT_CLASS = YES_ERROR;
				CLANG_WARN_SUSPICIOUS_MOVE = YES;
				CLANG_WARN_UNREACHABLE_CODE = YES;
				CLANG_WARN__DUPLICATE_METHOD_MATCH = YES;
				"CODE_SIGN_IDENTITY[sdk=iphoneos*]" = "iPhone Developer";
				COPY_PHASE_STRIP = NO;
				DEBUG_INFORMATION_FORMAT = dwarf;
				ENABLE_STRICT_OBJC_MSGSEND = YES;
				ENABLE_TESTABILITY = YES;
				GCC_C_LANGUAGE_STANDARD = gnu99;
				GCC_DYNAMIC_NO_PIC = NO;
				GCC_NO_COMMON_BLOCKS = YES;
				GCC_OPTIMIZATION_LEVEL = 0;
				GCC_PREPROCESSOR_DEFINITIONS = (
					"DEBUG=1",
					"$(inherited)",
				);
				GCC_WARN_64_TO_32_BIT_CONVERSION = YES;
				GCC_WARN_ABOUT_RETURN_TYPE = YES_ERROR;
				GCC_WARN_UNDECLARED_SELECTOR = YES;
				GCC_WARN_UNINITIALIZED_AUTOS = YES_AGGRESSIVE;
				GCC_WARN_UNUSED_FUNCTION = YES;
				GCC_WARN_UNUSED_VARIABLE = YES;
				IPHONEOS_DEPLOYMENT_TARGET = 10.3;
				MTL_ENABLE_DEBUG_INFO = YES;
				ONLY_ACTIVE_ARCH = YES;
				SDKROOT = iphoneos;
			};
			name = Debug;
		};
		4D4070BC1F44C6B200D38EF0 /* Release */ = {
			isa = XCBuildConfiguration;
			buildSettings = {
				ALWAYS_SEARCH_USER_PATHS = NO;
				CLANG_ANALYZER_NONNULL = YES;
				CLANG_ANALYZER_NUMBER_OBJECT_CONVERSION = YES_AGGRESSIVE;
				CLANG_CXX_LANGUAGE_STANDARD = "gnu++0x";
				CLANG_CXX_LIBRARY = "libc++";
				CLANG_ENABLE_MODULES = YES;
				CLANG_ENABLE_OBJC_ARC = YES;
				CLANG_WARN_BOOL_CONVERSION = YES;
				CLANG_WARN_CONSTANT_CONVERSION = YES;
				CLANG_WARN_DIRECT_OBJC_ISA_USAGE = YES_ERROR;
				CLANG_WARN_DOCUMENTATION_COMMENTS = YES;
				CLANG_WARN_EMPTY_BODY = YES;
				CLANG_WARN_ENUM_CONVERSION = YES;
				CLANG_WARN_INFINITE_RECURSION = YES;
				CLANG_WARN_INT_CONVERSION = YES;
				CLANG_WARN_OBJC_ROOT_CLASS = YES_ERROR;
				CLANG_WARN_SUSPICIOUS_MOVE = YES;
				CLANG_WARN_UNREACHABLE_CODE = YES;
				CLANG_WARN__DUPLICATE_METHOD_MATCH = YES;
				"CODE_SIGN_IDENTITY[sdk=iphoneos*]" = "iPhone Developer";
				COPY_PHASE_STRIP = NO;
				DEBUG_INFORMATION_FORMAT = "dwarf-with-dsym";
				ENABLE_NS_ASSERTIONS = NO;
				ENABLE_STRICT_OBJC_MSGSEND = YES;
				GCC_C_LANGUAGE_STANDARD = gnu99;
				GCC_NO_COMMON_BLOCKS = YES;
				GCC_WARN_64_TO_32_BIT_CONVERSION = YES;
				GCC_WARN_ABOUT_RETURN_TYPE = YES_ERROR;
				GCC_WARN_UNDECLARED_SELECTOR = YES;
				GCC_WARN_UNINITIALIZED_AUTOS = YES_AGGRESSIVE;
				GCC_WARN_UNUSED_FUNCTION = YES;
				GCC_WARN_UNUSED_VARIABLE = YES;
				IPHONEOS_DEPLOYMENT_TARGET = 10.3;
				MTL_ENABLE_DEBUG_INFO = NO;
				SDKROOT = iphoneos;
				VALIDATE_PRODUCT = YES;
			};
			name = Release;
		};
		4D4070BE1F44C6B200D38EF0 /* Debug */ = {
			isa = XCBuildConfiguration;
			buildSettings = {
				ASSETCATALOG_COMPILER_APPICON_NAME = AppIcon;
				INFOPLIST_FILE = EveryDoItAgain/Info.plist;
				LD_RUNPATH_SEARCH_PATHS = "$(inherited) @executable_path/Frameworks";
				PRODUCT_BUNDLE_IDENTIFIER = com.jaewonkim.EveryDoItAgain;
				PRODUCT_NAME = "$(TARGET_NAME)";
			};
			name = Debug;
		};
		4D4070BF1F44C6B200D38EF0 /* Release */ = {
			isa = XCBuildConfiguration;
			buildSettings = {
				ASSETCATALOG_COMPILER_APPICON_NAME = AppIcon;
				INFOPLIST_FILE = EveryDoItAgain/Info.plist;
				LD_RUNPATH_SEARCH_PATHS = "$(inherited) @executable_path/Frameworks";
				PRODUCT_BUNDLE_IDENTIFIER = com.jaewonkim.EveryDoItAgain;
				PRODUCT_NAME = "$(TARGET_NAME)";
			};
			name = Release;
		};
/* End XCBuildConfiguration section */

/* Begin XCConfigurationList section */
		4D40709B1F44C6B100D38EF0 /* Build configuration list for PBXProject "EveryDoItAgain" */ = {
			isa = XCConfigurationList;
			buildConfigurations = (
				4D4070BB1F44C6B200D38EF0 /* Debug */,
				4D4070BC1F44C6B200D38EF0 /* Release */,
			);
			defaultConfigurationIsVisible = 0;
			defaultConfigurationName = Release;
		};
		4D4070BD1F44C6B200D38EF0 /* Build configuration list for PBXNativeTarget "EveryDoItAgain" */ = {
			isa = XCConfigurationList;
			buildConfigurations = (
				4D4070BE1F44C6B200D38EF0 /* Debug */,
				4D4070BF1F44C6B200D38EF0 /* Release */,
			);
			defaultConfigurationIsVisible = 0;
		};
/* End XCConfigurationList section */

/* Begin XCVersionGroup section */
		4D4070A91F44C6B200D38EF0 /* EveryDoItAgain.xcdatamodeld */ = {
			isa = XCVersionGroup;
			children = (
				4D4070AA1F44C6B200D38EF0 /* EveryDoItAgain.xcdatamodel */,
			);
			currentVersion = 4D4070AA1F44C6B200D38EF0 /* EveryDoItAgain.xcdatamodel */;
			path = EveryDoItAgain.xcdatamodeld;
			sourceTree = "<group>";
			versionGroupType = wrapper.xcdatamodel;
		};
/* End XCVersionGroup section */
	};
	rootObject = 4D4070981F44C6B100D38EF0 /* Project object */;
}
